
Microsoft Visual Studio Solution File, Format Version 12.00
# Visual Studio Version 16
VisualStudioVersion = 16.0.30611.23
MinimumVisualStudioVersion = 10.0.40219.1
Project("{FAE04EC0-301F-11D3-BF4B-00C04F79EFBC}") = "IndianStateCensusAnalyser", "IndianStateCensusAnalyser\IndianStateCensusAnalyser.csproj", "{BF50F68A-2E54-487F-A79A-E404DEB6F0CC}"
EndProject
Project("{FAE04EC0-301F-11D3-BF4B-00C04F79EFBC}") = "CensusAnalyserTest", "CensusAnalyserTest\CensusAnalyserTest.csproj", "{359A6E51-480E-481F-9834-1B3284A05E44}"
EndProject
Global
	GlobalSection(SolutionConfigurationPlatforms) = preSolution
		Debug|Any CPU = Debug|Any CPU
		Release|Any CPU = Release|Any CPU
	EndGlobalSection
	GlobalSection(ProjectConfigurationPlatforms) = postSolution
		{BF50F68A-2E54-487F-A79A-E404DEB6F0CC}.Debug|Any CPU.ActiveCfg = Debug|Any CPU
		{BF50F68A-2E54-487F-A79A-E404DEB6F0CC}.Debug|Any CPU.Build.0 = Debug|Any CPU
		{BF50F68A-2E54-487F-A79A-E404DEB6F0CC}.Release|Any CPU.ActiveCfg = Release|Any CPU
		{BF50F68A-2E54-487F-A79A-E404DEB6F0CC}.Release|Any CPU.Build.0 = Release|Any CPU
		{359A6E51-480E-481F-9834-1B3284A05E44}.Debug|Any CPU.ActiveCfg = Debug|Any CPU
		{359A6E51-480E-481F-9834-1B3284A05E44}.Debug|Any CPU.Build.0 = Debug|Any CPU
		{359A6E51-480E-481F-9834-1B3284A05E44}.Release|Any CPU.ActiveCfg = Release|Any CPU
		{359A6E51-480E-481F-9834-1B3284A05E44}.Release|Any CPU.Build.0 = Release|Any CPU
	EndGlobalSection
	GlobalSection(SolutionProperties) = preSolution
		HideSolutionNode = FALSE
	EndGlobalSection
	GlobalSection(ExtensibilityGlobals) = postSolution
		SolutionGuid = {BCD9708F-F48A-4928-BB69-6DCDC8A79751}
	EndGlobalSection
EndGlobal
